
Microsoft Visual Studio Solution File, Format Version 11.00
# Visual Studio 2010
Project("{FAE04EC0-301F-11D3-BF4B-00C04F79EFBC}") = "HtmlTagsTest", "HtmlTagsTest\HtmlTagsTest.csproj", "{74009E0E-15AA-44C1-B5AA-B48FB4D89554}"
EndProject
Global
	GlobalSection(SolutionConfigurationPlatforms) = preSolution
		Debug|Any CPU = Debug|Any CPU
		Release|Any CPU = Release|Any CPU
	EndGlobalSection
	GlobalSection(ProjectConfigurationPlatforms) = postSolution
		{74009E0E-15AA-44C1-B5AA-B48FB4D89554}.Debug|Any CPU.ActiveCfg = Debug|Any CPU
		{74009E0E-15AA-44C1-B5AA-B48FB4D89554}.Debug|Any CPU.Build.0 = Debug|Any CPU
		{74009E0E-15AA-44C1-B5AA-B48FB4D89554}.Release|Any CPU.ActiveCfg = Release|Any CPU
		{74009E0E-15AA-44C1-B5AA-B48FB4D89554}.Release|Any CPU.Build.0 = Release|Any CPU
	EndGlobalSection
	GlobalSection(SolutionProperties) = preSolution
		HideSolutionNode = FALSE
	EndGlobalSection
EndGlobal
